
Microsoft Visual Studio Solution File, Format Version 12.00
# Visual Studio Version 16
VisualStudioVersion = 16.0.30711.63
MinimumVisualStudioVersion = 10.0.40219.1
Project("{9A19103F-16F7-4668-BE54-9A1E7A4F7556}") = "PgMoon", "PgMoon\PgMoon.csproj", "{5645BD67-AA6A-4398-96C0-C9594D2F33E5}"
EndProject
Project("{9A19103F-16F7-4668-BE54-9A1E7A4F7556}") = "PgMoon-Plugin", "PgMoon-Plugin\PgMoon-Plugin.csproj", "{7128D8B2-3328-4DCD-80CC-4ECCE50040D6}"
	ProjectSection(ProjectDependencies) = postProject
		{C78CB83D-81B6-4A8C-8DC5-DE0D2055710A} = {C78CB83D-81B6-4A8C-8DC5-DE0D2055710A}
	EndProjectSection
EndProject
Project("{9A19103F-16F7-4668-BE54-9A1E7A4F7556}") = "PreBuild", "PreBuild\PreBuild.csproj", "{C78CB83D-81B6-4A8C-8DC5-DE0D2055710A}"
EndProject
Project("{2150E333-8FDC-42A3-9474-1A3956D46DE8}") = "Solution Items", "Solution Items", "{45CFE134-8E4A-434B-8861-02CEB925FBD5}"
	ProjectSection(SolutionItems) = preProject
		.editorconfig = .editorconfig
	EndProjectSection
EndProject
Project("{9A19103F-16F7-4668-BE54-9A1E7A4F7556}") = "PgMoon-PluginTest", "PgMoon-PluginTest\PgMoon-PluginTest.csproj", "{3B7BF6DC-6C3C-494D-9702-A03580416B0C}"
	ProjectSection(ProjectDependencies) = postProject
		{5645BD67-AA6A-4398-96C0-C9594D2F33E5} = {5645BD67-AA6A-4398-96C0-C9594D2F33E5}
	EndProjectSection
EndProject
Global
	GlobalSection(SolutionConfigurationPlatforms) = preSolution
		Debug|x64 = Debug|x64
		Release|x64 = Release|x64
	EndGlobalSection
	GlobalSection(ProjectConfigurationPlatforms) = postSolution
		{5645BD67-AA6A-4398-96C0-C9594D2F33E5}.Debug|x64.ActiveCfg = Debug|x64
		{5645BD67-AA6A-4398-96C0-C9594D2F33E5}.Debug|x64.Build.0 = Debug|x64
		{5645BD67-AA6A-4398-96C0-C9594D2F33E5}.Release|x64.ActiveCfg = Release|x64
		{5645BD67-AA6A-4398-96C0-C9594D2F33E5}.Release|x64.Build.0 = Release|x64
		{7128D8B2-3328-4DCD-80CC-4ECCE50040D6}.Debug|x64.ActiveCfg = Debug|x64
		{7128D8B2-3328-4DCD-80CC-4ECCE50040D6}.Debug|x64.Build.0 = Debug|x64
		{7128D8B2-3328-4DCD-80CC-4ECCE50040D6}.Release|x64.ActiveCfg = Release|x64
		{7128D8B2-3328-4DCD-80CC-4ECCE50040D6}.Release|x64.Build.0 = Release|x64
		{C78CB83D-81B6-4A8C-8DC5-DE0D2055710A}.Debug|x64.ActiveCfg = Debug|x64
		{C78CB83D-81B6-4A8C-8DC5-DE0D2055710A}.Debug|x64.Build.0 = Debug|x64
		{C78CB83D-81B6-4A8C-8DC5-DE0D2055710A}.Release|x64.ActiveCfg = Release|x64
		{C78CB83D-81B6-4A8C-8DC5-DE0D2055710A}.Release|x64.Build.0 = Release|x64
		{3B7BF6DC-6C3C-494D-9702-A03580416B0C}.Debug|x64.ActiveCfg = Debug|Any CPU
		{3B7BF6DC-6C3C-494D-9702-A03580416B0C}.Debug|x64.Build.0 = Debug|Any CPU
		{3B7BF6DC-6C3C-494D-9702-A03580416B0C}.Release|x64.ActiveCfg = Release|Any CPU
		{3B7BF6DC-6C3C-494D-9702-A03580416B0C}.Release|x64.Build.0 = Release|Any CPU
	EndGlobalSection
	GlobalSection(SolutionProperties) = preSolution
		HideSolutionNode = FALSE
	EndGlobalSection
	GlobalSection(ExtensibilityGlobals) = postSolution
		SolutionGuid = {33F38577-DFC2-4E66-8A70-82088AF24920}
	EndGlobalSection
EndGlobal
